
Microsoft Visual Studio Solution File, Format Version 12.00
# Visual Studio Version 17
VisualStudioVersion = 17.7.34003.232
MinimumVisualStudioVersion = 10.0.40219.1
Project("{FAE04EC0-301F-11D3-BF4B-00C04F79EFBC}") = "Test Case For Programmer", "Test Case For Programmer\Test Case For Programmer.csproj", "{D7379EFC-2FFC-4766-B795-15CE7471F966}"
EndProject
Global
	GlobalSection(SolutionConfigurationPlatforms) = preSolution
		Debug|Any CPU = Debug|Any CPU
		Release|Any CPU = Release|Any CPU
	EndGlobalSection
	GlobalSection(ProjectConfigurationPlatforms) = postSolution
		{D7379EFC-2FFC-4766-B795-15CE7471F966}.Debug|Any CPU.ActiveCfg = Debug|Any CPU
		{D7379EFC-2FFC-4766-B795-15CE7471F966}.Debug|Any CPU.Build.0 = Debug|Any CPU
		{D7379EFC-2FFC-4766-B795-15CE7471F966}.Release|Any CPU.ActiveCfg = Release|Any CPU
		{D7379EFC-2FFC-4766-B795-15CE7471F966}.Release|Any CPU.Build.0 = Release|Any CPU
	EndGlobalSection
	GlobalSection(SolutionProperties) = preSolution
		HideSolutionNode = FALSE
	EndGlobalSection
	GlobalSection(ExtensibilityGlobals) = postSolution
		SolutionGuid = {1BECF021-34CB-4834-AF7B-431407CEF6EB}
	EndGlobalSection
EndGlobal
